<?xml version="1.0" encoding="utf-8"?>
<Project ToolsVersion="4.0" xmlns="http://schemas.microsoft.com/developer/msbuild/2003">
  <ItemGroup>
    <Filter Include="Header Files">
      <UniqueIdentifier>{93995380-89BD-4b04-88EB-625FBE52EBFB}</UniqueIdentifier>
      <Extensions>h;hh;hpp;hxx;h++;hm;inl;inc;ipp;xsd</Extensions>
    </Filter>
    <Filter Include="Resource Files">
      <UniqueIdentifier>{67DA6AB6-F800-4c08-8B7A-83BB121AAD01}</UniqueIdentifier>
      <Extensions>rc;ico;cur;bmp;dlg;rc2;rct;bin;rgs;gif;jpg;jpeg;jpe;resx;tiff;tif;png;wav;mfcribbon-ms</Extensions>
    </Filter>
    <Filter Include="Game Files">
      <UniqueIdentifier>{4FC737F1-C7A5-4376-A066-2A32D752A2FF}</UniqueIdentifier>
      <Extensions>cpp;c;cc;cxx;c++;cppm;ixx;def;odl;idl;hpj;bat;asm;asmx</Extensions>
    </Filter>
    <Filter Include="Game Files\Components">
      <UniqueIdentifier>{71cbecd1-16fa-4531-97c2-d5cef843f9b3}</UniqueIdentifier>
    </Filter>
    <Filter Include="Game Files\Components\UI">
      <UniqueIdentifier>{f282449b-9292-4898-8936-3cb0af632811}</UniqueIdentifier>
    </Filter>
    <Filter Include="Game Files\Components\Player">
      <UniqueIdentifier>{4145e617-4601-4739-b587-fc5e25587a20}</UniqueIdentifier>
    </Filter>
    <Filter Include="Game Files\Components\Unused">
      <UniqueIdentifier>{339a5ad7-8be9-409b-827d-5d2382f8ae7a}</UniqueIdentifier>
    </Filter>
    <Filter Include="Game Files\Commands">
      <UniqueIdentifier>{4b334533-8372-4698-bcb1-7e926f692a8a}</UniqueIdentifier>
    </Filter>
    <Filter Include="Game Files\Level">
      <UniqueIdentifier>{5059cd73-fe8e-4da3-8dce-f62a823bee77}</UniqueIdentifier>
    </Filter>
    <Filter Include="Game Files\GameManagers">
      <UniqueIdentifier>{f3b74b13-a1af-4499-aca2-f9e795daa0f9}</UniqueIdentifier>
    </Filter>
    <Filter Include="Game Files\Components\Level">
      <UniqueIdentifier>{2e37a99f-3bd1-4cc1-8f98-42b55f26fc40}</UniqueIdentifier>
    </Filter>
    <Filter Include="Game Files\Components\Character">
      <UniqueIdentifier>{4f8683e1-6b2c-4ccc-afb2-2fa66d6e5bb2}</UniqueIdentifier>
    </Filter>
    <Filter Include="Game Files\Components\Collision">
      <UniqueIdentifier>{2fb1c88d-8b26-481f-b34b-0253999099df}</UniqueIdentifier>
    </Filter>
    <Filter Include="Game Files\Components\Objects">
      <UniqueIdentifier>{3fd9e230-485f-48e8-a23c-8591ad5933e1}</UniqueIdentifier>
    </Filter>
    <Filter Include="Game Files\States">
      <UniqueIdentifier>{a4d18d61-468c-4239-b60f-289fc99fefcb}</UniqueIdentifier>
    </Filter>
    <Filter Include="Game Files\States\Bag">
      <UniqueIdentifier>{c634d946-c461-4fc4-a1b7-726b213118c4}</UniqueIdentifier>
    </Filter>
  </ItemGroup>
  <ItemGroup>
    <ClCompile Include="Digger.cpp">
      <Filter>Game Files</Filter>
    </ClCompile>
    <ClCompile Include="Player.cpp">
      <Filter>Game Files\Components\Player</Filter>
    </ClCompile>
    <ClCompile Include="LivesDisplayComponent.cpp">
      <Filter>Game Files\Components\UI</Filter>
    </ClCompile>
    <ClCompile Include="ScoreDisplayComponent.cpp">
      <Filter>Game Files\Components\UI</Filter>
    </ClCompile>
    <ClCompile Include="GameStatsDisplay.cpp">
      <Filter>Game Files\Components\Unused</Filter>
    </ClCompile>
    <ClCompile Include="DieCommand.cpp">
      <Filter>Game Files\Commands</Filter>
    </ClCompile>
    <ClCompile Include="ScoreCommand.cpp">
      <Filter>Game Files\Commands</Filter>
    </ClCompile>
    <ClCompile Include="TileComponent.cpp">
      <Filter>Game Files\Components\Level</Filter>
    </ClCompile>
    <ClCompile Include="Level.cpp">
      <Filter>Game Files\Components\Level</Filter>
    </ClCompile>
    <ClCompile Include="GridMoveCommand.cpp">
      <Filter>Game Files\Commands</Filter>
    </ClCompile>
    <ClCompile Include="CollisionManager.cpp">
      <Filter>Game Files\GameManagers</Filter>
    </ClCompile>
    <ClCompile Include="CollisionComponent.cpp">
      <Filter>Game Files\Components\Collision</Filter>
    </ClCompile>
    <ClCompile Include="GemComponent.cpp">
      <Filter>Game Files\Components\Objects</Filter>
    </ClCompile>
    <ClCompile Include="GemCollisionComponent.cpp">
      <Filter>Game Files\Components\Collision</Filter>
    </ClCompile>
    <ClCompile Include="BagState.cpp">
      <Filter>Game Files\States\Bag</Filter>
    </ClCompile>
    <ClCompile Include="BagComponent.cpp">
      <Filter>Game Files\Components\Objects</Filter>
    </ClCompile>
    <ClCompile Include="BaseState.cpp">
      <Filter>Game Files</Filter>
    </ClCompile>
    <ClCompile Include="MapRegistryComponent.cpp">
      <Filter>Game Files</Filter>
    </ClCompile>
  </ItemGroup>
  <ItemGroup>
    <ClInclude Include="Player.h">
      <Filter>Game Files\Components\Player</Filter>
    </ClInclude>
    <ClInclude Include="ScoreDisplayComponent.h">
      <Filter>Game Files\Components\UI</Filter>
    </ClInclude>
    <ClInclude Include="LivesDisplayComponent.h">
      <Filter>Game Files\Components\UI</Filter>
    </ClInclude>
    <ClInclude Include="GameStatsDisplay.h">
      <Filter>Game Files\Components\Unused</Filter>
    </ClInclude>
    <ClInclude Include="ScoreCommand.h">
      <Filter>Game Files\Commands</Filter>
    </ClInclude>
    <ClInclude Include="DieCommand.h">
      <Filter>Game Files\Commands</Filter>
    </ClInclude>
    <ClInclude Include="TileComponent.h">
      <Filter>Game Files\Components\Level</Filter>
    </ClInclude>
    <ClInclude Include="Level.h">
      <Filter>Game Files\Components\Level</Filter>
    </ClInclude>
    <ClInclude Include="commandIncludesGame.h">
      <Filter>Game Files\Commands</Filter>
    </ClInclude>
    <ClInclude Include="GridMoveCommand.h">
      <Filter>Game Files\Commands</Filter>
    </ClInclude>
    <ClInclude Include="CollisionManager.h">
      <Filter>Game Files\GameManagers</Filter>
    </ClInclude>
    <ClInclude Include="CollisionComponent.h">
      <Filter>Game Files\Components\Collision</Filter>
    </ClInclude>
    <ClInclude Include="GemComponent.h">
      <Filter>Game Files\Components\Objects</Filter>
    </ClInclude>
    <ClInclude Include="GemCollisionComponent.h">
      <Filter>Game Files\Components\Collision</Filter>
    </ClInclude>
    <ClInclude Include="BagState.h">
      <Filter>Game Files\States\Bag</Filter>
    </ClInclude>
    <ClInclude Include="BagComponent.h">
      <Filter>Game Files\Components\Objects</Filter>
    </ClInclude>
    <ClInclude Include="BaseState.h">
      <Filter>Header Files</Filter>
    </ClInclude>
    <ClInclude Include="MapRegistryComponent.h">
      <Filter>Header Files</Filter>
    </ClInclude>
  </ItemGroup>
</Project>