<?xml version="1.0" encoding="utf-8"?>
<Project ToolsVersion="4.0" xmlns="http://schemas.microsoft.com/developer/msbuild/2003">
  <ItemGroup>
    <Filter Include="Resource Files">
      <UniqueIdentifier>{67DA6AB6-F800-4c08-8B7A-83BB121AAD01}</UniqueIdentifier>
      <Extensions>rc;ico;cur;bmp;dlg;rc2;rct;bin;rgs;gif;jpg;jpeg;jpe;resx;tiff;tif;png;wav;mfcribbon-ms</Extensions>
    </Filter>
    <Filter Include="Header Files">
      <UniqueIdentifier>{93995380-89BD-4b04-88EB-625FBE52EBFB}</UniqueIdentifier>
      <Extensions>h;hh;hpp;hxx;hm;inl;inc;xsd</Extensions>
    </Filter>
    <Filter Include="Game Files">
      <UniqueIdentifier>{4FC737F1-C7A5-4376-A066-2A32D752A2FF}</UniqueIdentifier>
      <Extensions>cpp;c;cc;cxx;def;odl;idl;hpj;bat;asm;asmx</Extensions>
    </Filter>
    <Filter Include="Game Files\Components">
      <UniqueIdentifier>{6b21bd49-b51f-4c91-9039-cbb44cf9c006}</UniqueIdentifier>
    </Filter>
    <Filter Include="Header Files\Components">
      <UniqueIdentifier>{89e0b1de-0def-4585-a047-bc1a02a68f0d}</UniqueIdentifier>
    </Filter>
    <Filter Include="Game Files\Components\Base">
      <UniqueIdentifier>{f73fb952-fb33-452f-a253-c41bcae1abf4}</UniqueIdentifier>
    </Filter>
    <Filter Include="Game Files\Components\Texture">
      <UniqueIdentifier>{44c1fe54-db33-44f6-b266-f2e2edfaa893}</UniqueIdentifier>
    </Filter>
    <Filter Include="Game Files\GameObject">
      <UniqueIdentifier>{dd6b5860-c1e6-4b3c-9dc2-9d8dfc4a468c}</UniqueIdentifier>
    </Filter>
    <Filter Include="imgui">
      <UniqueIdentifier>{2d3a2316-332d-4c04-ba73-bd5c5595941e}</UniqueIdentifier>
    </Filter>
    <Filter Include="Game Files\Input">
      <UniqueIdentifier>{a801b21d-9268-4b63-99d8-dd111a830103}</UniqueIdentifier>
    </Filter>
    <Filter Include="Game Files\Input\Commands">
      <UniqueIdentifier>{b35c096a-31bc-44e2-9e45-9744dd75de26}</UniqueIdentifier>
    </Filter>
    <Filter Include="Game Files\Managers">
      <UniqueIdentifier>{3609b51e-fc7b-4a68-ad07-b15baa998df7}</UniqueIdentifier>
    </Filter>
    <Filter Include="Game Files\Events">
      <UniqueIdentifier>{166cd44c-f516-4933-9578-0b765a300cc2}</UniqueIdentifier>
    </Filter>
    <Filter Include="Game Files\Events\Observer">
      <UniqueIdentifier>{4fd1ce2b-4fb5-437a-a5bf-6fb57551cf93}</UniqueIdentifier>
    </Filter>
    <Filter Include="Game Files\Events\Subject">
      <UniqueIdentifier>{42e61b78-5168-4430-a29a-0263421cb3fa}</UniqueIdentifier>
    </Filter>
    <Filter Include="Sound">
      <UniqueIdentifier>{2c5eca79-59f6-4c2c-9722-fbf112e43cc9}</UniqueIdentifier>
    </Filter>
    <Filter Include="Sound\Interface">
      <UniqueIdentifier>{fdc0a4cf-0ffb-450e-83a0-bedcf779aa2d}</UniqueIdentifier>
    </Filter>
    <Filter Include="Sound\ServiceLocator">
      <UniqueIdentifier>{85e3ec9e-a572-4029-a181-cc73595185a8}</UniqueIdentifier>
    </Filter>
    <Filter Include="Sound\SoundSystems">
      <UniqueIdentifier>{d655bc2a-3e23-4e26-9d3b-46a4d231744c}</UniqueIdentifier>
    </Filter>
  </ItemGroup>
  <ItemGroup>
    <ClInclude Include="Singleton.h">
      <Filter>Header Files</Filter>
    </ClInclude>
    <ClInclude Include="Renderer.h">
      <Filter>Header Files</Filter>
    </ClInclude>
    <ClInclude Include="Texture2D.h">
      <Filter>Header Files</Filter>
    </ClInclude>
    <ClInclude Include="Transform.h">
      <Filter>Header Files</Filter>
    </ClInclude>
    <ClInclude Include="Scene.h">
      <Filter>Header Files</Filter>
    </ClInclude>
    <ClInclude Include="TextObject.h">
      <Filter>Header Files</Filter>
    </ClInclude>
    <ClInclude Include="Font.h">
      <Filter>Header Files</Filter>
    </ClInclude>
    <ClInclude Include="Minigin.h">
      <Filter>Header Files</Filter>
    </ClInclude>
    <ClInclude Include="Component.h">
      <Filter>Game Files\Components\Base</Filter>
    </ClInclude>
    <ClInclude Include="TransformComponent.h">
      <Filter>Game Files\Components</Filter>
    </ClInclude>
    <ClInclude Include="FPSComponent.h">
      <Filter>Game Files\Components</Filter>
    </ClInclude>
    <ClInclude Include="TextComponent.h">
      <Filter>Game Files\Components\Texture</Filter>
    </ClInclude>
    <ClInclude Include="TextureComponent.h">
      <Filter>Game Files\Components\Texture</Filter>
    </ClInclude>
    <ClInclude Include="GameObject.h">
      <Filter>Game Files\GameObject</Filter>
    </ClInclude>
    <ClInclude Include="RotatorComponent.h">
      <Filter>Game Files\Components</Filter>
    </ClInclude>
    <ClInclude Include="..\3rdParty\imgui-1.90.4\imconfig.h">
      <Filter>imgui</Filter>
    </ClInclude>
    <ClInclude Include="..\3rdParty\imgui-1.90.4\imgui.h">
      <Filter>imgui</Filter>
    </ClInclude>
    <ClInclude Include="..\3rdParty\imgui-1.90.4\imgui_internal.h">
      <Filter>imgui</Filter>
    </ClInclude>
    <ClInclude Include="..\3rdParty\imgui-1.90.4\imstb_rectpack.h">
      <Filter>imgui</Filter>
    </ClInclude>
    <ClInclude Include="..\3rdParty\imgui-1.90.4\imstb_textedit.h">
      <Filter>imgui</Filter>
    </ClInclude>
    <ClInclude Include="..\3rdParty\imgui-1.90.4\imstb_truetype.h">
      <Filter>imgui</Filter>
    </ClInclude>
    <ClInclude Include="..\3rdParty\imgui-1.90.4\imgui_impl_sdl2.h">
      <Filter>imgui</Filter>
    </ClInclude>
    <ClInclude Include="..\3rdParty\imgui-1.90.4\imgui_impl_opengl2.h">
      <Filter>imgui</Filter>
    </ClInclude>
    <ClInclude Include="..\3rdParty\imgui-1.90.4\imgui_plot.h">
      <Filter>imgui</Filter>
    </ClInclude>
    <ClInclude Include="Command.h">
      <Filter>Game Files\Input\Commands</Filter>
    </ClInclude>
    <ClInclude Include="GOCommand.h">
      <Filter>Game Files\Input\Commands</Filter>
    </ClInclude>
    <ClInclude Include="MoveCommand.h">
      <Filter>Game Files\Input\Commands</Filter>
    </ClInclude>
    <ClInclude Include="SeppeUtils.h">
      <Filter>Header Files</Filter>
    </ClInclude>
    <ClInclude Include="Controller.h">
      <Filter>Game Files\Input</Filter>
    </ClInclude>
    <ClInclude Include="InputManager.h">
      <Filter>Game Files\Managers</Filter>
    </ClInclude>
    <ClInclude Include="ResourceManager.h">
      <Filter>Game Files\Managers</Filter>
    </ClInclude>
    <ClInclude Include="SceneManager.h">
      <Filter>Game Files\Managers</Filter>
    </ClInclude>
    <ClInclude Include="IObserver.h">
      <Filter>Game Files\Events\Observer</Filter>
    </ClInclude>
    <ClInclude Include="Subject.h">
      <Filter>Game Files\Events\Subject</Filter>
    </ClInclude>
    <ClInclude Include="ISoundSystem.h">
      <Filter>Sound\Interface</Filter>
    </ClInclude>
    <ClInclude Include="SoundServiceLocator.h">
      <Filter>Sound\ServiceLocator</Filter>
    </ClInclude>
    <ClInclude Include="LoggingSoundSystem.h">
      <Filter>Sound\SoundSystems</Filter>
    </ClInclude>
    <ClInclude Include="NullSoundSystem.h">
      <Filter>Sound\SoundSystems</Filter>
    </ClInclude>
    <ClInclude Include="SoundSystem.h">
      <Filter>Sound\SoundSystems</Filter>
    </ClInclude>
    <ClInclude Include="CollisionComponent.h">
      <Filter>Game Files\Components</Filter>
    </ClInclude>
  </ItemGroup>
  <ItemGroup>
    <ClCompile Include="Renderer.cpp">
      <Filter>Game Files</Filter>
    </ClCompile>
    <ClCompile Include="Texture2D.cpp">
      <Filter>Game Files</Filter>
    </ClCompile>
    <ClCompile Include="Transform.cpp">
      <Filter>Game Files</Filter>
    </ClCompile>
    <ClCompile Include="Scene.cpp">
      <Filter>Game Files</Filter>
    </ClCompile>
    <ClCompile Include="TextObject.cpp">
      <Filter>Game Files</Filter>
    </ClCompile>
    <ClCompile Include="Font.cpp">
      <Filter>Game Files</Filter>
    </ClCompile>
    <ClCompile Include="Main.cpp">
      <Filter>Game Files</Filter>
    </ClCompile>
    <ClCompile Include="Minigin.cpp">
      <Filter>Game Files</Filter>
    </ClCompile>
    <ClCompile Include="Component.cpp">
      <Filter>Game Files\Components\Base</Filter>
    </ClCompile>
    <ClCompile Include="TransformComponent.cpp">
      <Filter>Game Files\Components</Filter>
    </ClCompile>
    <ClCompile Include="FPSComponent.cpp">
      <Filter>Game Files\Components</Filter>
    </ClCompile>
    <ClCompile Include="TextComponent.cpp">
      <Filter>Game Files\Components\Texture</Filter>
    </ClCompile>
    <ClCompile Include="TextureComponent.cpp">
      <Filter>Game Files\Components\Texture</Filter>
    </ClCompile>
    <ClCompile Include="GameObject.cpp">
      <Filter>Game Files\GameObject</Filter>
    </ClCompile>
    <ClCompile Include="RotatorComponent.cpp">
      <Filter>Game Files\Components</Filter>
    </ClCompile>
    <ClCompile Include="..\3rdParty\imgui-1.90.4\imgui.cpp">
      <Filter>imgui</Filter>
    </ClCompile>
    <ClCompile Include="..\3rdParty\imgui-1.90.4\imgui_demo.cpp">
      <Filter>imgui</Filter>
    </ClCompile>
    <ClCompile Include="..\3rdParty\imgui-1.90.4\imgui_draw.cpp">
      <Filter>imgui</Filter>
    </ClCompile>
    <ClCompile Include="..\3rdParty\imgui-1.90.4\imgui_tables.cpp">
      <Filter>imgui</Filter>
    </ClCompile>
    <ClCompile Include="..\3rdParty\imgui-1.90.4\imgui_widgets.cpp">
      <Filter>imgui</Filter>
    </ClCompile>
    <ClCompile Include="..\3rdParty\imgui-1.90.4\imgui_impl_sdl2.cpp">
      <Filter>imgui</Filter>
    </ClCompile>
    <ClCompile Include="..\3rdParty\imgui-1.90.4\imgui_impl_opengl2.cpp">
      <Filter>imgui</Filter>
    </ClCompile>
    <ClCompile Include="..\3rdParty\imgui-1.90.4\imgui_plot.cpp">
      <Filter>imgui</Filter>
    </ClCompile>
    <ClCompile Include="Command.cpp">
      <Filter>Game Files\Input\Commands</Filter>
    </ClCompile>
    <ClCompile Include="GOCommand.cpp">
      <Filter>Game Files\Input\Commands</Filter>
    </ClCompile>
    <ClCompile Include="MoveCommand.cpp">
      <Filter>Game Files\Input\Commands</Filter>
    </ClCompile>
    <ClCompile Include="SeppeUtils.cpp">
      <Filter>Game Files</Filter>
    </ClCompile>
    <ClCompile Include="Controller.cpp">
      <Filter>Game Files\Input</Filter>
    </ClCompile>
    <ClCompile Include="ResourceManager.cpp">
      <Filter>Game Files\Managers</Filter>
    </ClCompile>
    <ClCompile Include="SceneManager.cpp">
      <Filter>Game Files\Managers</Filter>
    </ClCompile>
    <ClCompile Include="InputManager.cpp">
      <Filter>Game Files\Managers</Filter>
    </ClCompile>
    <ClCompile Include="IObserver.cpp">
      <Filter>Game Files\Events\Observer</Filter>
    </ClCompile>
    <ClCompile Include="Subject.cpp">
      <Filter>Game Files\Events\Subject</Filter>
    </ClCompile>
    <ClCompile Include="ISoundSystem.cpp">
      <Filter>Sound\Interface</Filter>
    </ClCompile>
    <ClCompile Include="SoundServiceLocator.cpp">
      <Filter>Sound\ServiceLocator</Filter>
    </ClCompile>
    <ClCompile Include="LoggingSoundSystem.cpp">
      <Filter>Sound\SoundSystems</Filter>
    </ClCompile>
    <ClCompile Include="NullSoundSystem.cpp">
      <Filter>Sound\SoundSystems</Filter>
    </ClCompile>
    <ClCompile Include="SoundSystem.cpp">
      <Filter>Sound\SoundSystems</Filter>
    </ClCompile>
    <ClCompile Include="CollisionComponent.cpp">
      <Filter>Game Files\Components</Filter>
    </ClCompile>
  </ItemGroup>
</Project>